{
  "name": "curso_fullstack_js",
  "lockfileVersion": 2,
  "requires": true,
  "packages": {
    "": {
      "dependencies": {
        "@types/supertest": "^2.0.12"
      }
    },
    "node_modules/@types/cookiejar": {
      "version": "2.1.2",
      "resolved": "https://registry.npmjs.org/@types/cookiejar/-/cookiejar-2.1.2.tgz",
      "integrity": "sha512-t73xJJrvdTjXrn4jLS9VSGRbz0nUY3cl2DMGDU48lKl+HR9dbbjW2A9r3g40VA++mQpy6uuHg33gy7du2BKpog=="
    },
    "node_modules/@types/node": {
      "version": "17.0.33",
      "resolved": "https://registry.npmjs.org/@types/node/-/node-17.0.33.tgz",
      "integrity": "sha512-miWq2m2FiQZmaHfdZNcbpp9PuXg34W5JZ5CrJ/BaS70VuhoJENBEQybeiYSaPBRNq6KQGnjfEnc/F3PN++D+XQ=="
    },
    "node_modules/@types/superagent": {
      "version": "4.1.15",
      "resolved": "https://registry.npmjs.org/@types/superagent/-/superagent-4.1.15.tgz",
      "integrity": "sha512-mu/N4uvfDN2zVQQ5AYJI/g4qxn2bHB6521t1UuH09ShNWjebTqN0ZFuYK9uYjcgmI0dTQEs+Owi1EO6U0OkOZQ==",
      "dependencies": {
        "@types/cookiejar": "*",
        "@types/node": "*"
      }
    },
    "node_modules/@types/supertest": {
      "version": "2.0.12",
      "resolved": "https://registry.npmjs.org/@types/supertest/-/supertest-2.0.12.tgz",
      "integrity": "sha512-X3HPWTwXRerBZS7Mo1k6vMVR1Z6zmJcDVn5O/31whe0tnjE4te6ZJSJGq1RiqHPjzPdMTfjCFogDJmwng9xHaQ==",
      "dependencies": {
        "@types/superagent": "*"
      }
    }
  },
  "dependencies": {
    "@types/cookiejar": {
      "version": "2.1.2",
      "resolved": "https://registry.npmjs.org/@types/cookiejar/-/cookiejar-2.1.2.tgz",
      "integrity": "sha512-t73xJJrvdTjXrn4jLS9VSGRbz0nUY3cl2DMGDU48lKl+HR9dbbjW2A9r3g40VA++mQpy6uuHg33gy7du2BKpog=="
    },
    "@types/node": {
      "version": "17.0.33",
      "resolved": "https://registry.npmjs.org/@types/node/-/node-17.0.33.tgz",
      "integrity": "sha512-miWq2m2FiQZmaHfdZNcbpp9PuXg34W5JZ5CrJ/BaS70VuhoJENBEQybeiYSaPBRNq6KQGnjfEnc/F3PN++D+XQ=="
    },
    "@types/superagent": {
      "version": "4.1.15",
      "resolved": "https://registry.npmjs.org/@types/superagent/-/superagent-4.1.15.tgz",
      "integrity": "sha512-mu/N4uvfDN2zVQQ5AYJI/g4qxn2bHB6521t1UuH09ShNWjebTqN0ZFuYK9uYjcgmI0dTQEs+Owi1EO6U0OkOZQ==",
      "requires": {
        "@types/cookiejar": "*",
        "@types/node": "*"
      }
    },
    "@types/supertest": {
      "version": "2.0.12",
      "resolved": "https://registry.npmjs.org/@types/supertest/-/supertest-2.0.12.tgz",
      "integrity": "sha512-X3HPWTwXRerBZS7Mo1k6vMVR1Z6zmJcDVn5O/31whe0tnjE4te6ZJSJGq1RiqHPjzPdMTfjCFogDJmwng9xHaQ==",
      "requires": {
        "@types/superagent": "*"
      }
    }
  }
}
